// !$*UTF8*$!
{
	archiveVersion = 1;
	classes = {
	};
	objectVersion = 46;
	objects = {

/* Begin PBXBuildFile section */
		FAF400D01E0DC8140005C06E /* AppDelegate.swift in Sources */ = {isa = PBXBuildFile; fileRef = FAF400CF1E0DC8140005C06E /* AppDelegate.swift */; };
		FAF400D21E0DC8140005C06E /* CalculatorViewController.swift in Sources */ = {isa = PBXBuildFile; fileRef = FAF400D11E0DC8140005C06E /* CalculatorViewController.swift */; };
		FAF400D51E0DC8140005C06E /* Main.storyboard in Resources */ = {isa = PBXBuildFile; fileRef = FAF400D31E0DC8140005C06E /* Main.storyboard */; };
		FAF400D71E0DC8140005C06E /* Assets.xcassets in Resources */ = {isa = PBXBuildFile; fileRef = FAF400D61E0DC8140005C06E /* Assets.xcassets */; };
		FAF400DA1E0DC8140005C06E /* LaunchScreen.storyboard in Resources */ = {isa = PBXBuildFile; fileRef = FAF400D81E0DC8140005C06E /* LaunchScreen.storyboard */; };
		FAF400E51E0DC8140005C06E /* CalculatorTests.swift in Sources */ = {isa = PBXBuildFile; fileRef = FAF400E41E0DC8140005C06E /* CalculatorTests.swift */; };
		FAF400F01E0DC8140005C06E /* CalculatorUITests.swift in Sources */ = {isa = PBXBuildFile; fileRef = FAF400EF1E0DC8140005C06E /* CalculatorUITests.swift */; };
		FAF400FF1E0E18ED0005C06E /* Model.swift in Sources */ = {isa = PBXBuildFile; fileRef = FAF400FE1E0E18ED0005C06E /* Model.swift */; };
/* End PBXBuildFile section */

/* Begin PBXContainerItemProxy section */
		FAF400E11E0DC8140005C06E /* PBXContainerItemProxy */ = {
			isa = PBXContainerItemProxy;
			containerPortal = FAF400C41E0DC8130005C06E /* Project object */;
			proxyType = 1;
			remoteGlobalIDString = FAF400CB1E0DC8130005C06E;
			remoteInfo = Calculator;
		};
		FAF400EC1E0DC8140005C06E /* PBXContainerItemProxy */ = {
			isa = PBXContainerItemProxy;
			containerPortal = FAF400C41E0DC8130005C06E /* Project object */;
			proxyType = 1;
			remoteGlobalIDString = FAF400CB1E0DC8130005C06E;
			remoteInfo = Calculator;
		};
/* End PBXContainerItemProxy section */

/* Begin PBXFileReference section */
		FAF400CC1E0DC8140005C06E /* Calculator.app */ = {isa = PBXFileReference; explicitFileType = wrapper.application; includeInIndex = 0; path = Calculator.app; sourceTree = BUILT_PRODUCTS_DIR; };
		FAF400CF1E0DC8140005C06E /* AppDelegate.swift */ = {isa = PBXFileReference; lastKnownFileType = sourcecode.swift; path = AppDelegate.swift; sourceTree = "<group>"; };
		FAF400D11E0DC8140005C06E /* CalculatorViewController.swift */ = {isa = PBXFileReference; lastKnownFileType = sourcecode.swift; path = CalculatorViewController.swift; sourceTree = "<group>"; };
		FAF400D41E0DC8140005C06E /* Base */ = {isa = PBXFileReference; lastKnownFileType = file.storyboard; name = Base; path = Base.lproj/Main.storyboard; sourceTree = "<group>"; };
		FAF400D61E0DC8140005C06E /* Assets.xcassets */ = {isa = PBXFileReference; lastKnownFileType = folder.assetcatalog; path = Assets.xcassets; sourceTree = "<group>"; };
		FAF400D91E0DC8140005C06E /* Base */ = {isa = PBXFileReference; lastKnownFileType = file.storyboard; name = Base; path = Base.lproj/LaunchScreen.storyboard; sourceTree = "<group>"; };
		FAF400DB1E0DC8140005C06E /* Info.plist */ = {isa = PBXFileReference; lastKnownFileType = text.plist.xml; path = Info.plist; sourceTree = "<group>"; };
		FAF400E01E0DC8140005C06E /* CalculatorTests.xctest */ = {isa = PBXFileReference; explicitFileType = wrapper.cfbundle; includeInIndex = 0; path = CalculatorTests.xctest; sourceTree = BUILT_PRODUCTS_DIR; };
		FAF400E41E0DC8140005C06E /* CalculatorTests.swift */ = {isa = PBXFileReference; lastKnownFileType = sourcecode.swift; path = CalculatorTests.swift; sourceTree = "<group>"; };
		FAF400E61E0DC8140005C06E /* Info.plist */ = {isa = PBXFileReference; lastKnownFileType = text.plist.xml; path = Info.plist; sourceTree = "<group>"; };
		FAF400EB1E0DC8140005C06E /* CalculatorUITests.xctest */ = {isa = PBXFileReference; explicitFileType = wrapper.cfbundle; includeInIndex = 0; path = CalculatorUITests.xctest; sourceTree = BUILT_PRODUCTS_DIR; };
		FAF400EF1E0DC8140005C06E /* CalculatorUITests.swift */ = {isa = PBXFileReference; lastKnownFileType = sourcecode.swift; path = CalculatorUITests.swift; sourceTree = "<group>"; };
		FAF400F11E0DC8140005C06E /* Info.plist */ = {isa = PBXFileReference; lastKnownFileType = text.plist.xml; path = Info.plist; sourceTree = "<group>"; };
		FAF400FE1E0E18ED0005C06E /* Model.swift */ = {isa = PBXFileReference; fileEncoding = 4; lastKnownFileType = sourcecode.swift; path = Model.swift; sourceTree = "<group>"; };
/* End PBXFileReference section */

/* Begin PBXFrameworksBuildPhase section */
		FAF400C91E0DC8130005C06E /* Frameworks */ = {
			isa = PBXFrameworksBuildPhase;
			buildActionMask = 2147483647;
			files = (
			);
			runOnlyForDeploymentPostprocessing = 0;
		};
		FAF400DD1E0DC8140005C06E /* Frameworks */ = {
			isa = PBXFrameworksBuildPhase;
			buildActionMask = 2147483647;
			files = (
			);
			runOnlyForDeploymentPostprocessing = 0;
		};
		FAF400E81E0DC8140005C06E /* Frameworks */ = {
			isa = PBXFrameworksBuildPhase;
			buildActionMask = 2147483647;
			files = (
			);
			runOnlyForDeploymentPostprocessing = 0;
		};
/* End PBXFrameworksBuildPhase section */

/* Begin PBXGroup section */
		FAF400C31E0DC8130005C06E = {
			isa = PBXGroup;
			children = (
				FAF400CE1E0DC8140005C06E /* Calculator */,
				FAF400E31E0DC8140005C06E /* CalculatorTests */,
				FAF400EE1E0DC8140005C06E /* CalculatorUITests */,
				FAF400CD1E0DC8140005C06E /* Products */,
			);
			sourceTree = "<group>";
		};
		FAF400CD1E0DC8140005C06E /* Products */ = {
			isa = PBXGroup;
			children = (
				FAF400CC1E0DC8140005C06E /* Calculator.app */,
				FAF400E01E0DC8140005C06E /* CalculatorTests.xctest */,
				FAF400EB1E0DC8140005C06E /* CalculatorUITests.xctest */,
			);
			name = Products;
			sourceTree = "<group>";
		};
		FAF400CE1E0DC8140005C06E /* Calculator */ = {
			isa = PBXGroup;
			children = (
				FAF400FE1E0E18ED0005C06E /* Model.swift */,
				FAF400D11E0DC8140005C06E /* CalculatorViewController.swift */,
				FAF400D31E0DC8140005C06E /* Main.storyboard */,
				FAF400FD1E0DC84C0005C06E /* Supporting Files */,
			);
			path = Calculator;
			sourceTree = "<group>";
		};
		FAF400E31E0DC8140005C06E /* CalculatorTests */ = {
			isa = PBXGroup;
			children = (
				FAF400E41E0DC8140005C06E /* CalculatorTests.swift */,
				FAF400E61E0DC8140005C06E /* Info.plist */,
			);
			path = CalculatorTests;
			sourceTree = "<group>";
		};
		FAF400EE1E0DC8140005C06E /* CalculatorUITests */ = {
			isa = PBXGroup;
			children = (
				FAF400EF1E0DC8140005C06E /* CalculatorUITests.swift */,
				FAF400F11E0DC8140005C06E /* Info.plist */,
			);
			path = CalculatorUITests;
			sourceTree = "<group>";
		};
		FAF400FD1E0DC84C0005C06E /* Supporting Files */ = {
			isa = PBXGroup;
			children = (
				FAF400CF1E0DC8140005C06E /* AppDelegate.swift */,
				FAF400D61E0DC8140005C06E /* Assets.xcassets */,
				FAF400D81E0DC8140005C06E /* LaunchScreen.storyboard */,
				FAF400DB1E0DC8140005C06E /* Info.plist */,
			);
			name = "Supporting Files";
			sourceTree = "<group>";
		};
/* End PBXGroup section */

/* Begin PBXNativeTarget section */
		FAF400CB1E0DC8130005C06E /* Calculator */ = {
			isa = PBXNativeTarget;
			buildConfigurationList = FAF400F41E0DC8140005C06E /* Build configuration list for PBXNativeTarget "Calculator" */;
			buildPhases = (
				FAF400C81E0DC8130005C06E /* Sources */,
				FAF400C91E0DC8130005C06E /* Frameworks */,
				FAF400CA1E0DC8130005C06E /* Resources */,
			);
			buildRules = (
			);
			dependencies = (
			);
			name = Calculator;
			productName = Calculator;
			productReference = FAF400CC1E0DC8140005C06E /* Calculator.app */;
			productType = "com.apple.product-type.application";
		};
		FAF400DF1E0DC8140005C06E /* CalculatorTests */ = {
			isa = PBXNativeTarget;
			buildConfigurationList = FAF400F71E0DC8140005C06E /* Build configuration list for PBXNativeTarget "CalculatorTests" */;
			buildPhases = (
				FAF400DC1E0DC8140005C06E /* Sources */,
				FAF400DD1E0DC8140005C06E /* Frameworks */,
				FAF400DE1E0DC8140005C06E /* Resources */,
			);
			buildRules = (
			);
			dependencies = (
				FAF400E21E0DC8140005C06E /* PBXTargetDependency */,
			);
			name = CalculatorTests;
			productName = CalculatorTests;
			productReference = FAF400E01E0DC8140005C06E /* CalculatorTests.xctest */;
			productType = "com.apple.product-type.bundle.unit-test";
		};
		FAF400EA1E0DC8140005C06E /* CalculatorUITests */ = {
			isa = PBXNativeTarget;
			buildConfigurationList = FAF400FA1E0DC8140005C06E /* Build configuration list for PBXNativeTarget "CalculatorUITests" */;
			buildPhases = (
				FAF400E71E0DC8140005C06E /* Sources */,
				FAF400E81E0DC8140005C06E /* Frameworks */,
				FAF400E91E0DC8140005C06E /* Resources */,
			);
			buildRules = (
			);
			dependencies = (
				FAF400ED1E0DC8140005C06E /* PBXTargetDependency */,
			);
			name = CalculatorUITests;
			productName = CalculatorUITests;
			productReference = FAF400EB1E0DC8140005C06E /* CalculatorUITests.xctest */;
			productType = "com.apple.product-type.bundle.ui-testing";
		};
/* End PBXNativeTarget section */

/* Begin PBXProject section */
		FAF400C41E0DC8130005C06E /* Project object */ = {
			isa = PBXProject;
			attributes = {
				LastSwiftUpdateCheck = 0820;
				LastUpgradeCheck = 0820;
				ORGANIZATIONNAME = Xuezhu;
				TargetAttributes = {
					FAF400CB1E0DC8130005C06E = {
						CreatedOnToolsVersion = 8.2.1;
						ProvisioningStyle = Automatic;
					};
					FAF400DF1E0DC8140005C06E = {
						CreatedOnToolsVersion = 8.2.1;
						ProvisioningStyle = Automatic;
						TestTargetID = FAF400CB1E0DC8130005C06E;
					};
					FAF400EA1E0DC8140005C06E = {
						CreatedOnToolsVersion = 8.2.1;
						ProvisioningStyle = Automatic;
						TestTargetID = FAF400CB1E0DC8130005C06E;
					};
				};
			};
			buildConfigurationList = FAF400C71E0DC8130005C06E /* Build configuration list for PBXProject "Calculator" */;
			compatibilityVersion = "Xcode 3.2";
			developmentRegion = English;
			hasScannedForEncodings = 0;
			knownRegions = (
				en,
				Base,
			);
			mainGroup = FAF400C31E0DC8130005C06E;
			productRefGroup = FAF400CD1E0DC8140005C06E /* Products */;
			projectDirPath = "";
			projectRoot = "";
			targets = (
				FAF400CB1E0DC8130005C06E /* Calculator */,
				FAF400DF1E0DC8140005C06E /* CalculatorTests */,
				FAF400EA1E0DC8140005C06E /* CalculatorUITests */,
			);
		};
/* End PBXProject section */

/* Begin PBXResourcesBuildPhase section */
		FAF400CA1E0DC8130005C06E /* Resources */ = {
			isa = PBXResourcesBuildPhase;
			buildActionMask = 2147483647;
			files = (
				FAF400DA1E0DC8140005C06E /* LaunchScreen.storyboard in Resources */,
				FAF400D71E0DC8140005C06E /* Assets.xcassets in Resources */,
				FAF400D51E0DC8140005C06E /* Main.storyboard in Resources */,
			);
			runOnlyForDeploymentPostprocessing = 0;
		};
		FAF400DE1E0DC8140005C06E /* Resources */ = {
			isa = PBXResourcesBuildPhase;
			buildActionMask = 2147483647;
			files = (
			);
			runOnlyForDeploymentPostprocessing = 0;
		};
		FAF400E91E0DC8140005C06E /* Resources */ = {
			isa = PBXResourcesBuildPhase;
			buildActionMask = 2147483647;
			files = (
			);
			runOnlyForDeploymentPostprocessing = 0;
		};
/* End PBXResourcesBuildPhase section */

/* Begin PBXSourcesBuildPhase section */
		FAF400C81E0DC8130005C06E /* Sources */ = {
			isa = PBXSourcesBuildPhase;
			buildActionMask = 2147483647;
			files = (
				FAF400FF1E0E18ED0005C06E /* Model.swift in Sources */,
				FAF400D21E0DC8140005C06E /* CalculatorViewController.swift in Sources */,
				FAF400D01E0DC8140005C06E /* AppDelegate.swift in Sources */,
			);
			runOnlyForDeploymentPostprocessing = 0;
		};
		FAF400DC1E0DC8140005C06E /* Sources */ = {
			isa = PBXSourcesBuildPhase;
			buildActionMask = 2147483647;
			files = (
				FAF400E51E0DC8140005C06E /* CalculatorTests.swift in Sources */,
			);
			runOnlyForDeploymentPostprocessing = 0;
		};
		FAF400E71E0DC8140005C06E /* Sources */ = {
			isa = PBXSourcesBuildPhase;
			buildActionMask = 2147483647;
			files = (
				FAF400F01E0DC8140005C06E /* CalculatorUITests.swift in Sources */,
			);
			runOnlyForDeploymentPostprocessing = 0;
		};
/* End PBXSourcesBuildPhase section */

/* Begin PBXTargetDependency section */
		FAF400E21E0DC8140005C06E /* PBXTargetDependency */ = {
			isa = PBXTargetDependency;
			target = FAF400CB1E0DC8130005C06E /* Calculator */;
			targetProxy = FAF400E11E0DC8140005C06E /* PBXContainerItemProxy */;
		};
		FAF400ED1E0DC8140005C06E /* PBXTargetDependency */ = {
			isa = PBXTargetDependency;
			target = FAF400CB1E0DC8130005C06E /* Calculator */;
			targetProxy = FAF400EC1E0DC8140005C06E /* PBXContainerItemProxy */;
		};
/* End PBXTargetDependency section */

/* Begin PBXVariantGroup section */
		FAF400D31E0DC8140005C06E /* Main.storyboard */ = {
			isa = PBXVariantGroup;
			children = (
				FAF400D41E0DC8140005C06E /* Base */,
			);
			name = Main.storyboard;
			sourceTree = "<group>";
		};
		FAF400D81E0DC8140005C06E /* LaunchScreen.storyboard */ = {
			isa = PBXVariantGroup;
			children = (
				FAF400D91E0DC8140005C06E /* Base */,
			);
			name = LaunchScreen.storyboard;
			sourceTree = "<group>";
		};
/* End PBXVariantGroup section */

/* Begin XCBuildConfiguration section */
		FAF400F21E0DC8140005C06E /* Debug */ = {
			isa = XCBuildConfiguration;
			buildSettings = {
				ALWAYS_SEARCH_USER_PATHS = NO;
				CLANG_ANALYZER_NONNULL = YES;
				CLANG_CXX_LANGUAGE_STANDARD = "gnu++0x";
				CLANG_CXX_LIBRARY = "libc++";
				CLANG_ENABLE_MODULES = YES;
				CLANG_ENABLE_OBJC_ARC = YES;
				CLANG_WARN_BOOL_CONVERSION = YES;
				CLANG_WARN_CONSTANT_CONVERSION = YES;
				CLANG_WARN_DIRECT_OBJC_ISA_USAGE = YES_ERROR;
				CLANG_WARN_DOCUMENTATION_COMMENTS = YES;
				CLANG_WARN_EMPTY_BODY = YES;
				CLANG_WARN_ENUM_CONVERSION = YES;
				CLANG_WARN_INFINITE_RECURSION = YES;
				CLANG_WARN_INT_CONVERSION = YES;
				CLANG_WARN_OBJC_ROOT_CLASS = YES_ERROR;
				CLANG_WARN_SUSPICIOUS_MOVE = YES;
				CLANG_WARN_UNREACHABLE_CODE = YES;
				CLANG_WARN__DUPLICATE_METHOD_MATCH = YES;
				"CODE_SIGN_IDENTITY[sdk=iphoneos*]" = "iPhone Developer";
				COPY_PHASE_STRIP = NO;
				DEBUG_INFORMATION_FORMAT = dwarf;
				ENABLE_STRICT_OBJC_MSGSEND = YES;
				ENABLE_TESTABILITY = YES;
				GCC_C_LANGUAGE_STANDARD = gnu99;
				GCC_DYNAMIC_NO_PIC = NO;
				GCC_NO_COMMON_BLOCKS = YES;
				GCC_OPTIMIZATION_LEVEL = 0;
				GCC_PREPROCESSOR_DEFINITIONS = (
					"DEBUG=1",
					"$(inherited)",
				);
				GCC_WARN_64_TO_32_BIT_CONVERSION = YES;
				GCC_WARN_ABOUT_RETURN_TYPE = YES_ERROR;
				GCC_WARN_UNDECLARED_SELECTOR = YES;
				GCC_WARN_UNINITIALIZED_AUTOS = YES_AGGRESSIVE;
				GCC_WARN_UNUSED_FUNCTION = YES;
				GCC_WARN_UNUSED_VARIABLE = YES;
				IPHONEOS_DEPLOYMENT_TARGET = 10.2;
				MTL_ENABLE_DEBUG_INFO = YES;
				ONLY_ACTIVE_ARCH = YES;
				SDKROOT = iphoneos;
				SWIFT_ACTIVE_COMPILATION_CONDITIONS = DEBUG;
				SWIFT_OPTIMIZATION_LEVEL = "-Onone";
				TARGETED_DEVICE_FAMILY = "1,2";
			};
			name = Debug;
		};
		FAF400F31E0DC8140005C06E /* Release */ = {
			isa = XCBuildConfiguration;
			buildSettings = {
				ALWAYS_SEARCH_USER_PATHS = NO;
				CLANG_ANALYZER_NONNULL = YES;
				CLANG_CXX_LANGUAGE_STANDARD = "gnu++0x";
				CLANG_CXX_LIBRARY = "libc++";
				CLANG_ENABLE_MODULES = YES;
				CLANG_ENABLE_OBJC_ARC = YES;
				CLANG_WARN_BOOL_CONVERSION = YES;
				CLANG_WARN_CONSTANT_CONVERSION = YES;
				CLANG_WARN_DIRECT_OBJC_ISA_USAGE = YES_ERROR;
				CLANG_WARN_DOCUMENTATION_COMMENTS = YES;
				CLANG_WARN_EMPTY_BODY = YES;
				CLANG_WARN_ENUM_CONVERSION = YES;
				CLANG_WARN_INFINITE_RECURSION = YES;
				CLANG_WARN_INT_CONVERSION = YES;
				CLANG_WARN_OBJC_ROOT_CLASS = YES_ERROR;
				CLANG_WARN_SUSPICIOUS_MOVE = YES;
				CLANG_WARN_UNREACHABLE_CODE = YES;
				CLANG_WARN__DUPLICATE_METHOD_MATCH = YES;
				"CODE_SIGN_IDENTITY[sdk=iphoneos*]" = "iPhone Developer";
				COPY_PHASE_STRIP = NO;
				DEBUG_INFORMATION_FORMAT = "dwarf-with-dsym";
				ENABLE_NS_ASSERTIONS = NO;
				ENABLE_STRICT_OBJC_MSGSEND = YES;
				GCC_C_LANGUAGE_STANDARD = gnu99;
				GCC_NO_COMMON_BLOCKS = YES;
				GCC_WARN_64_TO_32_BIT_CONVERSION = YES;
				GCC_WARN_ABOUT_RETURN_TYPE = YES_ERROR;
				GCC_WARN_UNDECLARED_SELECTOR = YES;
				GCC_WARN_UNINITIALIZED_AUTOS = YES_AGGRESSIVE;
				GCC_WARN_UNUSED_FUNCTION = YES;
				GCC_WARN_UNUSED_VARIABLE = YES;
				IPHONEOS_DEPLOYMENT_TARGET = 10.2;
				MTL_ENABLE_DEBUG_INFO = NO;
				SDKROOT = iphoneos;
				SWIFT_OPTIMIZATION_LEVEL = "-Owholemodule";
				TARGETED_DEVICE_FAMILY = "1,2";
				VALIDATE_PRODUCT = YES;
			};
			name = Release;
		};
		FAF400F51E0DC8140005C06E /* Debug */ = {
			isa = XCBuildConfiguration;
			buildSettings = {
				ASSETCATALOG_COMPILER_APPICON_NAME = AppIcon;
				INFOPLIST_FILE = Calculator/Info.plist;
				LD_RUNPATH_SEARCH_PATHS = "$(inherited) @executable_path/Frameworks";
				PRODUCT_BUNDLE_IDENTIFIER = xz.Calculator;
				PRODUCT_NAME = "$(TARGET_NAME)";
				SWIFT_VERSION = 3.0;
			};
			name = Debug;
		};
		FAF400F61E0DC8140005C06E /* Release */ = {
			isa = XCBuildConfiguration;
			buildSettings = {
				ASSETCATALOG_COMPILER_APPICON_NAME = AppIcon;
				INFOPLIST_FILE = Calculator/Info.plist;
				LD_RUNPATH_SEARCH_PATHS = "$(inherited) @executable_path/Frameworks";
				PRODUCT_BUNDLE_IDENTIFIER = xz.Calculator;
				PRODUCT_NAME = "$(TARGET_NAME)";
				SWIFT_VERSION = 3.0;
			};
			name = Release;
		};
		FAF400F81E0DC8140005C06E /* Debug */ = {
			isa = XCBuildConfiguration;
			buildSettings = {
				ALWAYS_EMBED_SWIFT_STANDARD_LIBRARIES = YES;
				BUNDLE_LOADER = "$(TEST_HOST)";
				INFOPLIST_FILE = CalculatorTests/Info.plist;
				LD_RUNPATH_SEARCH_PATHS = "$(inherited) @executable_path/Frameworks @loader_path/Frameworks";
				PRODUCT_BUNDLE_IDENTIFIER = xz.CalculatorTests;
				PRODUCT_NAME = "$(TARGET_NAME)";
				SWIFT_VERSION = 3.0;
				TEST_HOST = "$(BUILT_PRODUCTS_DIR)/Calculator.app/Calculator";
			};
			name = Debug;
		};
		FAF400F91E0DC8140005C06E /* Release */ = {
			isa = XCBuildConfiguration;
			buildSettings = {
				ALWAYS_EMBED_SWIFT_STANDARD_LIBRARIES = YES;
				BUNDLE_LOADER = "$(TEST_HOST)";
				INFOPLIST_FILE = CalculatorTests/Info.plist;
				LD_RUNPATH_SEARCH_PATHS = "$(inherited) @executable_path/Frameworks @loader_path/Frameworks";
				PRODUCT_BUNDLE_IDENTIFIER = xz.CalculatorTests;
				PRODUCT_NAME = "$(TARGET_NAME)";
				SWIFT_VERSION = 3.0;
				TEST_HOST = "$(BUILT_PRODUCTS_DIR)/Calculator.app/Calculator";
			};
			name = Release;
		};
		FAF400FB1E0DC8140005C06E /* Debug */ = {
			isa = XCBuildConfiguration;
			buildSettings = {
				ALWAYS_EMBED_SWIFT_STANDARD_LIBRARIES = YES;
				INFOPLIST_FILE = CalculatorUITests/Info.plist;
				LD_RUNPATH_SEARCH_PATHS = "$(inherited) @executable_path/Frameworks @loader_path/Frameworks";
				PRODUCT_BUNDLE_IDENTIFIER = xz.CalculatorUITests;
				PRODUCT_NAME = "$(TARGET_NAME)";
				SWIFT_VERSION = 3.0;
				TEST_TARGET_NAME = Calculator;
			};
			name = Debug;
		};
		FAF400FC1E0DC8140005C06E /* Release */ = {
			isa = XCBuildConfiguration;
			buildSettings = {
				ALWAYS_EMBED_SWIFT_STANDARD_LIBRARIES = YES;
				INFOPLIST_FILE = CalculatorUITests/Info.plist;
				LD_RUNPATH_SEARCH_PATHS = "$(inherited) @executable_path/Frameworks @loader_path/Frameworks";
				PRODUCT_BUNDLE_IDENTIFIER = xz.CalculatorUITests;
				PRODUCT_NAME = "$(TARGET_NAME)";
				SWIFT_VERSION = 3.0;
				TEST_TARGET_NAME = Calculator;
			};
			name = Release;
		};
/* End XCBuildConfiguration section */

/* Begin XCConfigurationList section */
		FAF400C71E0DC8130005C06E /* Build configuration list for PBXProject "Calculator" */ = {
			isa = XCConfigurationList;
			buildConfigurations = (
				FAF400F21E0DC8140005C06E /* Debug */,
				FAF400F31E0DC8140005C06E /* Release */,
			);
			defaultConfigurationIsVisible = 0;
			defaultConfigurationName = Release;
		};
		FAF400F41E0DC8140005C06E /* Build configuration list for PBXNativeTarget "Calculator" */ = {
			isa = XCConfigurationList;
			buildConfigurations = (
				FAF400F51E0DC8140005C06E /* Debug */,
				FAF400F61E0DC8140005C06E /* Release */,
			);
			defaultConfigurationIsVisible = 0;
			defaultConfigurationName = Release;
		};
		FAF400F71E0DC8140005C06E /* Build configuration list for PBXNativeTarget "CalculatorTests" */ = {
			isa = XCConfigurationList;
			buildConfigurations = (
				FAF400F81E0DC8140005C06E /* Debug */,
				FAF400F91E0DC8140005C06E /* Release */,
			);
			defaultConfigurationIsVisible = 0;
			defaultConfigurationName = Release;
		};
		FAF400FA1E0DC8140005C06E /* Build configuration list for PBXNativeTarget "CalculatorUITests" */ = {
			isa = XCConfigurationList;
			buildConfigurations = (
				FAF400FB1E0DC8140005C06E /* Debug */,
				FAF400FC1E0DC8140005C06E /* Release */,
			);
			defaultConfigurationIsVisible = 0;
			defaultConfigurationName = Release;
		};
/* End XCConfigurationList section */
	};
	rootObject = FAF400C41E0DC8130005C06E /* Project object */;
}
